
Microsoft Visual Studio Solution File, Format Version 12.00
Project("{FAE04EC0-301F-11D3-BF4B-00C04F79EFBC}") = "PieceManager", "PieceManager.csproj", "{87028C9B-05EA-4439-A68C-2978D5E08740}"
EndProject
Global
	GlobalSection(SolutionConfigurationPlatforms) = preSolution
		Debug|Any CPU = Debug|Any CPU
		Release|Any CPU = Release|Any CPU
	EndGlobalSection
	GlobalSection(ProjectConfigurationPlatforms) = postSolution
		{87028C9B-05EA-4439-A68C-2978D5E08740}.Debug|Any CPU.ActiveCfg = Debug|Any CPU
		{87028C9B-05EA-4439-A68C-2978D5E08740}.Debug|Any CPU.Build.0 = Debug|Any CPU
		{87028C9B-05EA-4439-A68C-2978D5E08740}.Release|Any CPU.ActiveCfg = Release|Any CPU
		{87028C9B-05EA-4439-A68C-2978D5E08740}.Release|Any CPU.Build.0 = Release|Any CPU
	EndGlobalSection
EndGlobal
